
Microsoft Visual Studio Solution File, Format Version 12.00
# Visual Studio 15
VisualStudioVersion = 15.0.28010.2036
MinimumVisualStudioVersion = 10.0.40219.1
Project("{FAE04EC0-301F-11D3-BF4B-00C04F79EFBC}") = "MyMenu", "MyMenu\MyMenu.csproj", "{658DDBA9-0941-422F-8EC1-CD02A621CA3D}"
EndProject
Global
	GlobalSection(SolutionConfigurationPlatforms) = preSolution
		Debug|Any CPU = Debug|Any CPU
		Release|Any CPU = Release|Any CPU
	EndGlobalSection
	GlobalSection(ProjectConfigurationPlatforms) = postSolution
		{658DDBA9-0941-422F-8EC1-CD02A621CA3D}.Debug|Any CPU.ActiveCfg = Debug|Any CPU
		{658DDBA9-0941-422F-8EC1-CD02A621CA3D}.Debug|Any CPU.Build.0 = Debug|Any CPU
		{658DDBA9-0941-422F-8EC1-CD02A621CA3D}.Release|Any CPU.ActiveCfg = Release|Any CPU
		{658DDBA9-0941-422F-8EC1-CD02A621CA3D}.Release|Any CPU.Build.0 = Release|Any CPU
	EndGlobalSection
	GlobalSection(SolutionProperties) = preSolution
		HideSolutionNode = FALSE
	EndGlobalSection
	GlobalSection(ExtensibilityGlobals) = postSolution
		SolutionGuid = {F7740EA2-750F-41FD-A53A-14A5A1FFD535}
	EndGlobalSection
EndGlobal
